
Microsoft Visual Studio Solution File, Format Version 12.00
# Visual Studio 15
VisualStudioVersion = 15.0.26430.13
MinimumVisualStudioVersion = 10.0.40219.1
Project("{FAE04EC0-301F-11D3-BF4B-00C04F79EFBC}") = "Server_WPF", "Server_WPF\Server_WPF.csproj", "{6A98E2B1-D564-4905-AABB-F30589C1B453}"
EndProject
Project("{FAE04EC0-301F-11D3-BF4B-00C04F79EFBC}") = "Client_WPF", "Client_WPF\Client_WPF.csproj", "{9692AC19-CB33-4551-870F-01F6540B5C9A}"
EndProject
Global
	GlobalSection(SolutionConfigurationPlatforms) = preSolution
		Debug|Any CPU = Debug|Any CPU
		Debug|x64 = Debug|x64
		Release|Any CPU = Release|Any CPU
		Release|x64 = Release|x64
	EndGlobalSection
	GlobalSection(ProjectConfigurationPlatforms) = postSolution
		{6A98E2B1-D564-4905-AABB-F30589C1B453}.Debug|Any CPU.ActiveCfg = Debug|Any CPU
		{6A98E2B1-D564-4905-AABB-F30589C1B453}.Debug|Any CPU.Build.0 = Debug|Any CPU
		{6A98E2B1-D564-4905-AABB-F30589C1B453}.Debug|x64.ActiveCfg = Debug|x64
		{6A98E2B1-D564-4905-AABB-F30589C1B453}.Debug|x64.Build.0 = Debug|x64
		{6A98E2B1-D564-4905-AABB-F30589C1B453}.Release|Any CPU.ActiveCfg = Release|Any CPU
		{6A98E2B1-D564-4905-AABB-F30589C1B453}.Release|Any CPU.Build.0 = Release|Any CPU
		{6A98E2B1-D564-4905-AABB-F30589C1B453}.Release|x64.ActiveCfg = Release|x64
		{6A98E2B1-D564-4905-AABB-F30589C1B453}.Release|x64.Build.0 = Release|x64
		{9692AC19-CB33-4551-870F-01F6540B5C9A}.Debug|Any CPU.ActiveCfg = Debug|Any CPU
		{9692AC19-CB33-4551-870F-01F6540B5C9A}.Debug|Any CPU.Build.0 = Debug|Any CPU
		{9692AC19-CB33-4551-870F-01F6540B5C9A}.Debug|x64.ActiveCfg = Debug|Any CPU
		{9692AC19-CB33-4551-870F-01F6540B5C9A}.Debug|x64.Build.0 = Debug|Any CPU
		{9692AC19-CB33-4551-870F-01F6540B5C9A}.Release|Any CPU.ActiveCfg = Release|Any CPU
		{9692AC19-CB33-4551-870F-01F6540B5C9A}.Release|Any CPU.Build.0 = Release|Any CPU
		{9692AC19-CB33-4551-870F-01F6540B5C9A}.Release|x64.ActiveCfg = Release|Any CPU
		{9692AC19-CB33-4551-870F-01F6540B5C9A}.Release|x64.Build.0 = Release|Any CPU
	EndGlobalSection
	GlobalSection(SolutionProperties) = preSolution
		HideSolutionNode = FALSE
	EndGlobalSection
EndGlobal
